// !$*UTF8*$!
{
	archiveVersion = 1;
	classes = {
	};
	objectVersion = 46;
	objects = {

/* Begin PBXBuildFile section */
		0755F5851A2651CD0028DEF6 /* Mixpanel.m in Sources */ = {isa = PBXBuildFile; fileRef = 0755F50D1A2651B50028DEF6 /* Mixpanel.m */; };
		0755F5871A2653040028DEF6 /* _MPTweakBindObserver.h in Headers */ = {isa = PBXBuildFile; fileRef = 0755F5081A2651B50028DEF6 /* _MPTweakBindObserver.h */; };
		0755F58B1A2653040028DEF6 /* Mixpanel.h in Headers */ = {isa = PBXBuildFile; fileRef = 0755F50C1A2651B50028DEF6 /* Mixpanel.h */; };
		0755F58D1A2653040028DEF6 /* MPAbstractABTestDesignerMessage.h in Headers */ = {isa = PBXBuildFile; fileRef = 0755F50E1A2651B50028DEF6 /* MPAbstractABTestDesignerMessage.h */; };
		0755F58F1A2653040028DEF6 /* MPABTestDesignerChangeRequestMessage.h in Headers */ = {isa = PBXBuildFile; fileRef = 0755F5101A2651B50028DEF6 /* MPABTestDesignerChangeRequestMessage.h */; };
		0755F5911A2653040028DEF6 /* MPABTestDesignerChangeResponseMessage.h in Headers */ = {isa = PBXBuildFile; fileRef = 0755F5121A2651B50028DEF6 /* MPABTestDesignerChangeResponseMessage.h */; };
		0755F5931A2653040028DEF6 /* MPABTestDesignerClearRequestMessage.h in Headers */ = {isa = PBXBuildFile; fileRef = 0755F5141A2651B50028DEF6 /* MPABTestDesignerClearRequestMessage.h */; };
		0755F5951A2653050028DEF6 /* MPABTestDesignerClearResponseMessage.h in Headers */ = {isa = PBXBuildFile; fileRef = 0755F5161A2651B50028DEF6 /* MPABTestDesignerClearResponseMessage.h */; };
		0755F5971A2653050028DEF6 /* MPABTestDesignerConnection.h in Headers */ = {isa = PBXBuildFile; fileRef = 0755F5181A2651B50028DEF6 /* MPABTestDesignerConnection.h */; };
		0755F5991A2653050028DEF6 /* MPABTestDesignerDeviceInfoRequestMessage.h in Headers */ = {isa = PBXBuildFile; fileRef = 0755F51A1A2651B50028DEF6 /* MPABTestDesignerDeviceInfoRequestMessage.h */; };
		0755F59B1A2653050028DEF6 /* MPABTestDesignerDeviceInfoResponseMessage.h in Headers */ = {isa = PBXBuildFile; fileRef = 0755F51C1A2651B50028DEF6 /* MPABTestDesignerDeviceInfoResponseMessage.h */; };
		0755F59D1A2653050028DEF6 /* MPABTestDesignerDisconnectMessage.h in Headers */ = {isa = PBXBuildFile; fileRef = 0755F51E1A2651B50028DEF6 /* MPABTestDesignerDisconnectMessage.h */; };
		0755F59F1A2653050028DEF6 /* MPABTestDesignerMessage.h in Headers */ = {isa = PBXBuildFile; fileRef = 0755F5201A2651B50028DEF6 /* MPABTestDesignerMessage.h */; };
		0755F5A01A2653050028DEF6 /* MPABTestDesignerSnapshotRequestMessage.h in Headers */ = {isa = PBXBuildFile; fileRef = 0755F5211A2651B50028DEF6 /* MPABTestDesignerSnapshotRequestMessage.h */; };
		0755F5A21A2653050028DEF6 /* MPABTestDesignerSnapshotResponseMessage.h in Headers */ = {isa = PBXBuildFile; fileRef = 0755F5231A2651B50028DEF6 /* MPABTestDesignerSnapshotResponseMessage.h */; };
		0755F5A41A2653050028DEF6 /* MPABTestDesignerTweakRequestMessage.h in Headers */ = {isa = PBXBuildFile; fileRef = 0755F5251A2651B50028DEF6 /* MPABTestDesignerTweakRequestMessage.h */; };
		0755F5A61A2653050028DEF6 /* MPABTestDesignerTweakResponseMessage.h in Headers */ = {isa = PBXBuildFile; fileRef = 0755F5271A2651B50028DEF6 /* MPABTestDesignerTweakResponseMessage.h */; };
		0755F5A81A2653050028DEF6 /* MPApplicationStateSerializer.h in Headers */ = {isa = PBXBuildFile; fileRef = 0755F5291A2651B50028DEF6 /* MPApplicationStateSerializer.h */; };
		0755F5AB1A2653050028DEF6 /* MPCategoryHelpers.h in Headers */ = {isa = PBXBuildFile; fileRef = 0755F52C1A2651B50028DEF6 /* MPCategoryHelpers.h */; };
		0755F5B21A2653050028DEF6 /* MPClassDescription.h in Headers */ = {isa = PBXBuildFile; fileRef = 0755F5331A2651B50028DEF6 /* MPClassDescription.h */; };
		0755F5B61A2653060028DEF6 /* MPDesignerEventBindingMessage.h in Headers */ = {isa = PBXBuildFile; fileRef = 0755F5371A2651B50028DEF6 /* MPDesignerEventBindingMessage.h */; };
		0755F5B91A2653060028DEF6 /* MPDesignerSessionCollection.h in Headers */ = {isa = PBXBuildFile; fileRef = 0755F53A1A2651B50028DEF6 /* MPDesignerSessionCollection.h */; };
		0755F5BB1A2653060028DEF6 /* MPEnumDescription.h in Headers */ = {isa = PBXBuildFile; fileRef = 0755F53C1A2651B50028DEF6 /* MPEnumDescription.h */; };
		0755F5BD1A2653060028DEF6 /* MPEventBinding.h in Headers */ = {isa = PBXBuildFile; fileRef = 0755F53E1A2651B50028DEF6 /* MPEventBinding.h */; };
		0755F5BF1A2653060028DEF6 /* MPLogging.h in Headers */ = {isa = PBXBuildFile; fileRef = 0755F5401A2651B50028DEF6 /* MPLogging.h */; };
		0755F5C01A2653060028DEF6 /* MPNotification.h in Headers */ = {isa = PBXBuildFile; fileRef = 0755F5411A2651B50028DEF6 /* MPNotification.h */; };
		0755F5C31A2653060028DEF6 /* MPNotificationViewController.h in Headers */ = {isa = PBXBuildFile; fileRef = 0755F5441A2651B50028DEF6 /* MPNotificationViewController.h */; };
		0755F5C71A2653060028DEF6 /* MPObjectIdentifierProvider.h in Headers */ = {isa = PBXBuildFile; fileRef = 0755F5481A2651B50028DEF6 /* MPObjectIdentifierProvider.h */; };
		0755F5C81A2653060028DEF6 /* MPObjectIdentityProvider.h in Headers */ = {isa = PBXBuildFile; fileRef = 0755F5491A2651B50028DEF6 /* MPObjectIdentityProvider.h */; };
		0755F5CA1A2653070028DEF6 /* MPObjectSelector.h in Headers */ = {isa = PBXBuildFile; fileRef = 0755F54B1A2651B50028DEF6 /* MPObjectSelector.h */; };
		0755F5CC1A2653070028DEF6 /* MPObjectSerializer.h in Headers */ = {isa = PBXBuildFile; fileRef = 0755F54D1A2651B50028DEF6 /* MPObjectSerializer.h */; };
		0755F5CE1A2653070028DEF6 /* MPObjectSerializerConfig.h in Headers */ = {isa = PBXBuildFile; fileRef = 0755F54F1A2651B50028DEF6 /* MPObjectSerializerConfig.h */; };
		0755F5D01A2653070028DEF6 /* MPObjectSerializerContext.h in Headers */ = {isa = PBXBuildFile; fileRef = 0755F5511A2651B50028DEF6 /* MPObjectSerializerContext.h */; };
		0755F5D31A2653070028DEF6 /* MPPropertyDescription.h in Headers */ = {isa = PBXBuildFile; fileRef = 0755F5541A2651B50028DEF6 /* MPPropertyDescription.h */; };
		0755F5D51A2653070028DEF6 /* MPSequenceGenerator.h in Headers */ = {isa = PBXBuildFile; fileRef = 0755F5561A2651B50028DEF6 /* MPSequenceGenerator.h */; };
		0755F5D71A2653070028DEF6 /* MPSurvey.h in Headers */ = {isa = PBXBuildFile; fileRef = 0755F5581A2651B50028DEF6 /* MPSurvey.h */; };
		0755F5DA1A2653080028DEF6 /* MPSurveyNavigationController.h in Headers */ = {isa = PBXBuildFile; fileRef = 0755F55B1A2651B50028DEF6 /* MPSurveyNavigationController.h */; };
		0755F5DC1A2653080028DEF6 /* MPSurveyQuestion.h in Headers */ = {isa = PBXBuildFile; fileRef = 0755F55D1A2651B50028DEF6 /* MPSurveyQuestion.h */; };
		0755F5DE1A2653080028DEF6 /* MPSurveyQuestionViewController.h in Headers */ = {isa = PBXBuildFile; fileRef = 0755F55F1A2651B50028DEF6 /* MPSurveyQuestionViewController.h */; };
		0755F5E01A2653080028DEF6 /* MPSwizzler.h in Headers */ = {isa = PBXBuildFile; fileRef = 0755F5611A2651B50028DEF6 /* MPSwizzler.h */; };
		0755F5E21A2653080028DEF6 /* MPTweak.h in Headers */ = {isa = PBXBuildFile; fileRef = 0755F5631A2651B50028DEF6 /* MPTweak.h */; };
		0755F5E41A2653080028DEF6 /* MPTweakInline.h in Headers */ = {isa = PBXBuildFile; fileRef = 0755F5651A2651B50028DEF6 /* MPTweakInline.h */; };
		0755F5E61A2653090028DEF6 /* MPTweakInlineInternal.h in Headers */ = {isa = PBXBuildFile; fileRef = 0755F5671A2651B50028DEF6 /* MPTweakInlineInternal.h */; };
		0755F5E71A2653090028DEF6 /* MPTweakStore.h in Headers */ = {isa = PBXBuildFile; fileRef = 0755F5681A2651B50028DEF6 /* MPTweakStore.h */; };
		0755F5E91A2653090028DEF6 /* MPTypeDescription.h in Headers */ = {isa = PBXBuildFile; fileRef = 0755F56A1A2651B50028DEF6 /* MPTypeDescription.h */; };
		0755F5EC1A2653090028DEF6 /* MPUIControlBinding.h in Headers */ = {isa = PBXBuildFile; fileRef = 0755F56D1A2651B50028DEF6 /* MPUIControlBinding.h */; };
		0755F5F11A26530A0028DEF6 /* MPUITableViewBinding.h in Headers */ = {isa = PBXBuildFile; fileRef = 0755F5721A2651B50028DEF6 /* MPUITableViewBinding.h */; };
		0755F5F31A26530A0028DEF6 /* MPValueTransformers.h in Headers */ = {isa = PBXBuildFile; fileRef = 0755F5741A2651B50028DEF6 /* MPValueTransformers.h */; };
		0755F5F41A26530A0028DEF6 /* MPVariant.h in Headers */ = {isa = PBXBuildFile; fileRef = 0755F5751A2651B50028DEF6 /* MPVariant.h */; };
		0755F5F61A26530A0028DEF6 /* MPWebSocket.h in Headers */ = {isa = PBXBuildFile; fileRef = 0755F5771A2651B50028DEF6 /* MPWebSocket.h */; };
		0755F5F81A26530A0028DEF6 /* NSData+MPBase64.h in Headers */ = {isa = PBXBuildFile; fileRef = 0755F5791A2651B50028DEF6 /* NSData+MPBase64.h */; };
		0755F5FA1A26530A0028DEF6 /* NSInvocation+MPHelpers.h in Headers */ = {isa = PBXBuildFile; fileRef = 0755F57B1A2651B50028DEF6 /* NSInvocation+MPHelpers.h */; };
		0755F5FE1A26530B0028DEF6 /* UIColor+MPColor.h in Headers */ = {isa = PBXBuildFile; fileRef = 0755F57F1A2651B50028DEF6 /* UIColor+MPColor.h */; };
		0755F6001A26530B0028DEF6 /* UIImage+MPAverageColor.h in Headers */ = {isa = PBXBuildFile; fileRef = 0755F5811A2651B50028DEF6 /* UIImage+MPAverageColor.h */; };
		0755F6021A26530B0028DEF6 /* UIImage+MPImageEffects.h in Headers */ = {isa = PBXBuildFile; fileRef = 0755F5831A2651B50028DEF6 /* UIImage+MPImageEffects.h */; };
		0755F6911A2654DF0028DEF6 /* MPApplicationStateSerializer.m in Sources */ = {isa = PBXBuildFile; fileRef = 0755F52A1A2651B50028DEF6 /* MPApplicationStateSerializer.m */; };
		0755F6951A2658D90028DEF6 /* PrefixHeader.pch in Headers */ = {isa = PBXBuildFile; fileRef = 0755F6941A2658D90028DEF6 /* PrefixHeader.pch */; };
		0755F6961A2659BD0028DEF6 /* _MPTweakBindObserver.m in Sources */ = {isa = PBXBuildFile; fileRef = 0755F5091A2651B50028DEF6 /* _MPTweakBindObserver.m */; };
		0755F6971A2659CA0028DEF6 /* MPAbstractABTestDesignerMessage.m in Sources */ = {isa = PBXBuildFile; fileRef = 0755F50F1A2651B50028DEF6 /* MPAbstractABTestDesignerMessage.m */; };
		0755F6991A2659CA0028DEF6 /* MPABTestDesignerChangeRequestMessage.m in Sources */ = {isa = PBXBuildFile; fileRef = 0755F5111A2651B50028DEF6 /* MPABTestDesignerChangeRequestMessage.m */; };
		0755F69B1A2659CA0028DEF6 /* MPABTestDesignerChangeResponseMessage.m in Sources */ = {isa = PBXBuildFile; fileRef = 0755F5131A2651B50028DEF6 /* MPABTestDesignerChangeResponseMessage.m */; };
		0755F69D1A2659CA0028DEF6 /* MPABTestDesignerClearRequestMessage.m in Sources */ = {isa = PBXBuildFile; fileRef = 0755F5151A2651B50028DEF6 /* MPABTestDesignerClearRequestMessage.m */; };
		0755F69F1A2659CA0028DEF6 /* MPABTestDesignerClearResponseMessage.m in Sources */ = {isa = PBXBuildFile; fileRef = 0755F5171A2651B50028DEF6 /* MPABTestDesignerClearResponseMessage.m */; };
		0755F6A11A2659CA0028DEF6 /* MPABTestDesignerConnection.m in Sources */ = {isa = PBXBuildFile; fileRef = 0755F5191A2651B50028DEF6 /* MPABTestDesignerConnection.m */; };
		0755F6A31A2659CA0028DEF6 /* MPABTestDesignerDeviceInfoRequestMessage.m in Sources */ = {isa = PBXBuildFile; fileRef = 0755F51B1A2651B50028DEF6 /* MPABTestDesignerDeviceInfoRequestMessage.m */; };
		0755F6A51A2659CA0028DEF6 /* MPABTestDesignerDeviceInfoResponseMessage.m in Sources */ = {isa = PBXBuildFile; fileRef = 0755F51D1A2651B50028DEF6 /* MPABTestDesignerDeviceInfoResponseMessage.m */; };
		0755F6A71A2659CA0028DEF6 /* MPABTestDesignerDisconnectMessage.m in Sources */ = {isa = PBXBuildFile; fileRef = 0755F51F1A2651B50028DEF6 /* MPABTestDesignerDisconnectMessage.m */; };
		0755F6AA1A2659CA0028DEF6 /* MPABTestDesignerSnapshotRequestMessage.m in Sources */ = {isa = PBXBuildFile; fileRef = 0755F5221A2651B50028DEF6 /* MPABTestDesignerSnapshotRequestMessage.m */; };
		0755F6AC1A2659CA0028DEF6 /* MPABTestDesignerSnapshotResponseMessage.m in Sources */ = {isa = PBXBuildFile; fileRef = 0755F5241A2651B50028DEF6 /* MPABTestDesignerSnapshotResponseMessage.m */; };
		0755F6AE1A2659CA0028DEF6 /* MPABTestDesignerTweakRequestMessage.m in Sources */ = {isa = PBXBuildFile; fileRef = 0755F5261A2651B50028DEF6 /* MPABTestDesignerTweakRequestMessage.m */; };
		0755F6B01A2659CA0028DEF6 /* MPABTestDesignerTweakResponseMessage.m in Sources */ = {isa = PBXBuildFile; fileRef = 0755F5281A2651B50028DEF6 /* MPABTestDesignerTweakResponseMessage.m */; };
		0755F6B21A2659CA0028DEF6 /* MPBOOLToNSNumberValueTransformer.m in Sources */ = {isa = PBXBuildFile; fileRef = 0755F52B1A2651B50028DEF6 /* MPBOOLToNSNumberValueTransformer.m */; };
		0755F6B41A2659CA0028DEF6 /* MPCATransform3DToNSDictionaryValueTransformer.m in Sources */ = {isa = PBXBuildFile; fileRef = 0755F52D1A2651B50028DEF6 /* MPCATransform3DToNSDictionaryValueTransformer.m */; };
		0755F6B51A2659CA0028DEF6 /* MPCGAffineTransformToNSDictionaryValueTransformer.m in Sources */ = {isa = PBXBuildFile; fileRef = 0755F52E1A2651B50028DEF6 /* MPCGAffineTransformToNSDictionaryValueTransformer.m */; };
		0755F6B61A2659CA0028DEF6 /* MPCGColorRefToNSStringValueTransformer.m in Sources */ = {isa = PBXBuildFile; fileRef = 0755F52F1A2651B50028DEF6 /* MPCGColorRefToNSStringValueTransformer.m */; };
		0755F6B71A2659CA0028DEF6 /* MPCGPointToNSDictionaryValueTransformer.m in Sources */ = {isa = PBXBuildFile; fileRef = 0755F5301A2651B50028DEF6 /* MPCGPointToNSDictionaryValueTransformer.m */; };
		0755F6B81A2659CA0028DEF6 /* MPCGRectToNSDictionaryValueTransformer.m in Sources */ = {isa = PBXBuildFile; fileRef = 0755F5311A2651B50028DEF6 /* MPCGRectToNSDictionaryValueTransformer.m */; };
		0755F6B91A2659CA0028DEF6 /* MPCGSizeToNSDictionaryValueTransformer.m in Sources */ = {isa = PBXBuildFile; fileRef = 0755F5321A2651B50028DEF6 /* MPCGSizeToNSDictionaryValueTransformer.m */; };
		0755F6BB1A2659CA0028DEF6 /* MPClassDescription.m in Sources */ = {isa = PBXBuildFile; fileRef = 0755F5341A2651B50028DEF6 /* MPClassDescription.m */; };
		0755F6BF1A2659CA0028DEF6 /* MPDesignerEventBindingRequestMesssage.m in Sources */ = {isa = PBXBuildFile; fileRef = 0755F5381A2651B50028DEF6 /* MPDesignerEventBindingRequestMesssage.m */; };
		0755F6C01A2659CA0028DEF6 /* MPDesignerEventBindingResponseMesssage.m in Sources */ = {isa = PBXBuildFile; fileRef = 0755F5391A2651B50028DEF6 /* MPDesignerEventBindingResponseMesssage.m */; };
		0755F6C21A2659CA0028DEF6 /* MPDesignerTrackMessage.m in Sources */ = {isa = PBXBuildFile; fileRef = 0755F53B1A2651B50028DEF6 /* MPDesignerTrackMessage.m */; };
		0755F6C41A2659CA0028DEF6 /* MPEnumDescription.m in Sources */ = {isa = PBXBuildFile; fileRef = 0755F53D1A2651B50028DEF6 /* MPEnumDescription.m */; };
		0755F6C61A2659CA0028DEF6 /* MPEventBinding.m in Sources */ = {isa = PBXBuildFile; fileRef = 0755F53F1A2651B50028DEF6 /* MPEventBinding.m */; };
		0755F6C91A2659CA0028DEF6 /* MPNotification.m in Sources */ = {isa = PBXBuildFile; fileRef = 0755F5421A2651B50028DEF6 /* MPNotification.m */; };
		0755F6CC1A2659CA0028DEF6 /* MPNotificationViewController.m in Sources */ = {isa = PBXBuildFile; fileRef = 0755F5451A2651B50028DEF6 /* MPNotificationViewController.m */; };
		0755F6CD1A2659CA0028DEF6 /* MPNSAttributedStringToNSDictionaryValueTransformer.m in Sources */ = {isa = PBXBuildFile; fileRef = 0755F5461A2651B50028DEF6 /* MPNSAttributedStringToNSDictionaryValueTransformer.m */; };
		0755F6CE1A2659CA0028DEF6 /* MPNSNumberToCGFloatValueTransformer.m in Sources */ = {isa = PBXBuildFile; fileRef = 0755F5471A2651B50028DEF6 /* MPNSNumberToCGFloatValueTransformer.m */; };
		0755F6D11A2659CA0028DEF6 /* MPObjectIdentityProvider.m in Sources */ = {isa = PBXBuildFile; fileRef = 0755F54A1A2651B50028DEF6 /* MPObjectIdentityProvider.m */; };
		0755F6D31A2659CA0028DEF6 /* MPObjectSelector.m in Sources */ = {isa = PBXBuildFile; fileRef = 0755F54C1A2651B50028DEF6 /* MPObjectSelector.m */; };
		0755F6D51A2659CA0028DEF6 /* MPObjectSerializer.m in Sources */ = {isa = PBXBuildFile; fileRef = 0755F54E1A2651B50028DEF6 /* MPObjectSerializer.m */; };
		0755F6D71A2659CA0028DEF6 /* MPObjectSerializerConfig.m in Sources */ = {isa = PBXBuildFile; fileRef = 0755F5501A2651B50028DEF6 /* MPObjectSerializerConfig.m */; };
		0755F6D91A2659CA0028DEF6 /* MPObjectSerializerContext.m in Sources */ = {isa = PBXBuildFile; fileRef = 0755F5521A2651B50028DEF6 /* MPObjectSerializerContext.m */; };
		0755F6DA1A2659CA0028DEF6 /* MPPassThroughValueTransformer.m in Sources */ = {isa = PBXBuildFile; fileRef = 0755F5531A2651B50028DEF6 /* MPPassThroughValueTransformer.m */; };
		0755F6DC1A2659CA0028DEF6 /* MPPropertyDescription.m in Sources */ = {isa = PBXBuildFile; fileRef = 0755F5551A2651B50028DEF6 /* MPPropertyDescription.m */; };
		0755F6DE1A2659CA0028DEF6 /* MPSequenceGenerator.m in Sources */ = {isa = PBXBuildFile; fileRef = 0755F5571A2651B50028DEF6 /* MPSequenceGenerator.m */; };
		0755F6E01A2659CA0028DEF6 /* MPSurvey.m in Sources */ = {isa = PBXBuildFile; fileRef = 0755F5591A2651B50028DEF6 /* MPSurvey.m */; };
		0755F6E31A2659CA0028DEF6 /* MPSurveyNavigationController.m in Sources */ = {isa = PBXBuildFile; fileRef = 0755F55C1A2651B50028DEF6 /* MPSurveyNavigationController.m */; };
		0755F6E51A2659CA0028DEF6 /* MPSurveyQuestion.m in Sources */ = {isa = PBXBuildFile; fileRef = 0755F55E1A2651B50028DEF6 /* MPSurveyQuestion.m */; };
		0755F6E71A2659CA0028DEF6 /* MPSurveyQuestionViewController.m in Sources */ = {isa = PBXBuildFile; fileRef = 0755F5601A2651B50028DEF6 /* MPSurveyQuestionViewController.m */; };
		0755F6E91A2659CA0028DEF6 /* MPSwizzler.m in Sources */ = {isa = PBXBuildFile; fileRef = 0755F5621A2651B50028DEF6 /* MPSwizzler.m */; };
		0755F6EB1A2659CA0028DEF6 /* MPTweak.m in Sources */ = {isa = PBXBuildFile; fileRef = 0755F5641A2651B50028DEF6 /* MPTweak.m */; };
		0755F6ED1A2659CA0028DEF6 /* MPTweakInline.m in Sources */ = {isa = PBXBuildFile; fileRef = 0755F5661A2651B50028DEF6 /* MPTweakInline.m */; };
		0755F6F01A2659CA0028DEF6 /* MPTweakStore.m in Sources */ = {isa = PBXBuildFile; fileRef = 0755F5691A2651B50028DEF6 /* MPTweakStore.m */; };
		0755F6F21A2659CA0028DEF6 /* MPTypeDescription.m in Sources */ = {isa = PBXBuildFile; fileRef = 0755F56B1A2651B50028DEF6 /* MPTypeDescription.m */; };
		0755F6F31A2659CA0028DEF6 /* MPUIColorToNSStringValueTransformer.m in Sources */ = {isa = PBXBuildFile; fileRef = 0755F56C1A2651B50028DEF6 /* MPUIColorToNSStringValueTransformer.m */; };
		0755F6F51A2659CA0028DEF6 /* MPUIControlBinding.m in Sources */ = {isa = PBXBuildFile; fileRef = 0755F56E1A2651B50028DEF6 /* MPUIControlBinding.m */; };
		0755F6F61A2659CA0028DEF6 /* MPUIEdgeInsetsToNSDictionaryValueTransformer.m in Sources */ = {isa = PBXBuildFile; fileRef = 0755F56F1A2651B50028DEF6 /* MPUIEdgeInsetsToNSDictionaryValueTransformer.m */; };
		0755F6F71A2659CA0028DEF6 /* MPUIFontToNSDictionaryValueTransformer.m in Sources */ = {isa = PBXBuildFile; fileRef = 0755F5701A2651B50028DEF6 /* MPUIFontToNSDictionaryValueTransformer.m */; };
		0755F6F81A2659CA0028DEF6 /* MPUIImageToNSDictionaryValueTransformer.m in Sources */ = {isa = PBXBuildFile; fileRef = 0755F5711A2651B50028DEF6 /* MPUIImageToNSDictionaryValueTransformer.m */; };
		0755F6FA1A2659CA0028DEF6 /* MPUITableViewBinding.m in Sources */ = {isa = PBXBuildFile; fileRef = 0755F5731A2651B50028DEF6 /* MPUITableViewBinding.m */; };
		0755F6FD1A2659CA0028DEF6 /* MPVariant.m in Sources */ = {isa = PBXBuildFile; fileRef = 0755F5761A2651B50028DEF6 /* MPVariant.m */; };
		0755F6FF1A2659CA0028DEF6 /* MPWebSocket.m in Sources */ = {isa = PBXBuildFile; fileRef = 0755F5781A2651B50028DEF6 /* MPWebSocket.m */; };
		0755F7011A2659CA0028DEF6 /* NSData+MPBase64.m in Sources */ = {isa = PBXBuildFile; fileRef = 0755F57A1A2651B50028DEF6 /* NSData+MPBase64.m */; };
		0755F7031A2659CA0028DEF6 /* NSInvocation+MPHelpers.m in Sources */ = {isa = PBXBuildFile; fileRef = 0755F57C1A2651B50028DEF6 /* NSInvocation+MPHelpers.m */; };
		0755F7071A2659CA0028DEF6 /* UIColor+MPColor.m in Sources */ = {isa = PBXBuildFile; fileRef = 0755F5801A2651B50028DEF6 /* UIColor+MPColor.m */; };
		0755F7091A2659CA0028DEF6 /* UIImage+MPAverageColor.m in Sources */ = {isa = PBXBuildFile; fileRef = 0755F5821A2651B50028DEF6 /* UIImage+MPAverageColor.m */; };
		0755F70B1A2659CA0028DEF6 /* UIImage+MPImageEffects.m in Sources */ = {isa = PBXBuildFile; fileRef = 0755F5841A2651B50028DEF6 /* UIImage+MPImageEffects.m */; };
		07A34A051A2636FE00F6A8E5 /* MixpanelFlashLibrary.m in Sources */ = {isa = PBXBuildFile; fileRef = 07A34A041A2636FE00F6A8E5 /* MixpanelFlashLibrary.m */; };
		07A34A071A26379000F6A8E5 /* Accelerate.framework in Frameworks */ = {isa = PBXBuildFile; fileRef = 07A34A061A26379000F6A8E5 /* Accelerate.framework */; };
		07A34A091A26379D00F6A8E5 /* Foundation.framework in Frameworks */ = {isa = PBXBuildFile; fileRef = 07A34A081A26379D00F6A8E5 /* Foundation.framework */; };
		07A34A0D1A2637B100F6A8E5 /* UIKit.framework in Frameworks */ = {isa = PBXBuildFile; fileRef = 07A34A0C1A2637B100F6A8E5 /* UIKit.framework */; };
		07A34A0F1A26384A00F6A8E5 /* Security.framework in Frameworks */ = {isa = PBXBuildFile; fileRef = 07A34A0E1A26384A00F6A8E5 /* Security.framework */; };
		07A34A111A26385200F6A8E5 /* QuartzCore.framework in Frameworks */ = {isa = PBXBuildFile; fileRef = 07A34A101A26385200F6A8E5 /* QuartzCore.framework */; };
		07A34A131A26385F00F6A8E5 /* SystemConfiguration.framework in Frameworks */ = {isa = PBXBuildFile; fileRef = 07A34A121A26385F00F6A8E5 /* SystemConfiguration.framework */; };
		07A34A151A26387000F6A8E5 /* CoreTelephony.framework in Frameworks */ = {isa = PBXBuildFile; fileRef = 07A34A141A26387000F6A8E5 /* CoreTelephony.framework */; };
		07A34A171A26388100F6A8E5 /* CoreGraphics.framework in Frameworks */ = {isa = PBXBuildFile; fileRef = 07A34A161A26388100F6A8E5 /* CoreGraphics.framework */; };
/* End PBXBuildFile section */

/* Begin PBXCopyFilesBuildPhase section */
		07A348E11A26366300F6A8E5 /* CopyFiles */ = {
			isa = PBXCopyFilesBuildPhase;
			buildActionMask = 2147483647;
			dstPath = "include/$(PRODUCT_NAME)";
			dstSubfolderSpec = 16;
			files = (
			);
			runOnlyForDeploymentPostprocessing = 0;
		};
/* End PBXCopyFilesBuildPhase section */

/* Begin PBXFileReference section */
		0755F5081A2651B50028DEF6 /* _MPTweakBindObserver.h */ = {isa = PBXFileReference; lastKnownFileType = sourcecode.c.h; path = _MPTweakBindObserver.h; sourceTree = "<group>"; };
		0755F5091A2651B50028DEF6 /* _MPTweakBindObserver.m */ = {isa = PBXFileReference; lastKnownFileType = sourcecode.c.objc; path = _MPTweakBindObserver.m; sourceTree = "<group>"; };
		0755F50A1A2651B50028DEF6 /* libMPCategoryHelpers.a */ = {isa = PBXFileReference; lastKnownFileType = archive.ar; path = libMPCategoryHelpers.a; sourceTree = "<group>"; };
		0755F50B1A2651B50028DEF6 /* Media.xcassets */ = {isa = PBXFileReference; lastKnownFileType = folder.assetcatalog; path = Media.xcassets; sourceTree = "<group>"; };
		0755F50C1A2651B50028DEF6 /* Mixpanel.h */ = {isa = PBXFileReference; lastKnownFileType = sourcecode.c.h; path = Mixpanel.h; sourceTree = "<group>"; };
		0755F50D1A2651B50028DEF6 /* Mixpanel.m */ = {isa = PBXFileReference; lastKnownFileType = sourcecode.c.objc; path = Mixpanel.m; sourceTree = "<group>"; };
		0755F50E1A2651B50028DEF6 /* MPAbstractABTestDesignerMessage.h */ = {isa = PBXFileReference; lastKnownFileType = sourcecode.c.h; path = MPAbstractABTestDesignerMessage.h; sourceTree = "<group>"; };
		0755F50F1A2651B50028DEF6 /* MPAbstractABTestDesignerMessage.m */ = {isa = PBXFileReference; lastKnownFileType = sourcecode.c.objc; path = MPAbstractABTestDesignerMessage.m; sourceTree = "<group>"; };
		0755F5101A2651B50028DEF6 /* MPABTestDesignerChangeRequestMessage.h */ = {isa = PBXFileReference; lastKnownFileType = sourcecode.c.h; path = MPABTestDesignerChangeRequestMessage.h; sourceTree = "<group>"; };
		0755F5111A2651B50028DEF6 /* MPABTestDesignerChangeRequestMessage.m */ = {isa = PBXFileReference; lastKnownFileType = sourcecode.c.objc; path = MPABTestDesignerChangeRequestMessage.m; sourceTree = "<group>"; };
		0755F5121A2651B50028DEF6 /* MPABTestDesignerChangeResponseMessage.h */ = {isa = PBXFileReference; lastKnownFileType = sourcecode.c.h; path = MPABTestDesignerChangeResponseMessage.h; sourceTree = "<group>"; };
		0755F5131A2651B50028DEF6 /* MPABTestDesignerChangeResponseMessage.m */ = {isa = PBXFileReference; lastKnownFileType = sourcecode.c.objc; path = MPABTestDesignerChangeResponseMessage.m; sourceTree = "<group>"; };
		0755F5141A2651B50028DEF6 /* MPABTestDesignerClearRequestMessage.h */ = {isa = PBXFileReference; lastKnownFileType = sourcecode.c.h; path = MPABTestDesignerClearRequestMessage.h; sourceTree = "<group>"; };
		0755F5151A2651B50028DEF6 /* MPABTestDesignerClearRequestMessage.m */ = {isa = PBXFileReference; lastKnownFileType = sourcecode.c.objc; path = MPABTestDesignerClearRequestMessage.m; sourceTree = "<group>"; };
		0755F5161A2651B50028DEF6 /* MPABTestDesignerClearResponseMessage.h */ = {isa = PBXFileReference; lastKnownFileType = sourcecode.c.h; path = MPABTestDesignerClearResponseMessage.h; sourceTree = "<group>"; };
		0755F5171A2651B50028DEF6 /* MPABTestDesignerClearResponseMessage.m */ = {isa = PBXFileReference; lastKnownFileType = sourcecode.c.objc; path = MPABTestDesignerClearResponseMessage.m; sourceTree = "<group>"; };
		0755F5181A2651B50028DEF6 /* MPABTestDesignerConnection.h */ = {isa = PBXFileReference; lastKnownFileType = sourcecode.c.h; path = MPABTestDesignerConnection.h; sourceTree = "<group>"; };
		0755F5191A2651B50028DEF6 /* MPABTestDesignerConnection.m */ = {isa = PBXFileReference; lastKnownFileType = sourcecode.c.objc; path = MPABTestDesignerConnection.m; sourceTree = "<group>"; };
		0755F51A1A2651B50028DEF6 /* MPABTestDesignerDeviceInfoRequestMessage.h */ = {isa = PBXFileReference; lastKnownFileType = sourcecode.c.h; path = MPABTestDesignerDeviceInfoRequestMessage.h; sourceTree = "<group>"; };
		0755F51B1A2651B50028DEF6 /* MPABTestDesignerDeviceInfoRequestMessage.m */ = {isa = PBXFileReference; lastKnownFileType = sourcecode.c.objc; path = MPABTestDesignerDeviceInfoRequestMessage.m; sourceTree = "<group>"; };
		0755F51C1A2651B50028DEF6 /* MPABTestDesignerDeviceInfoResponseMessage.h */ = {isa = PBXFileReference; lastKnownFileType = sourcecode.c.h; path = MPABTestDesignerDeviceInfoResponseMessage.h; sourceTree = "<group>"; };
		0755F51D1A2651B50028DEF6 /* MPABTestDesignerDeviceInfoResponseMessage.m */ = {isa = PBXFileReference; lastKnownFileType = sourcecode.c.objc; path = MPABTestDesignerDeviceInfoResponseMessage.m; sourceTree = "<group>"; };
		0755F51E1A2651B50028DEF6 /* MPABTestDesignerDisconnectMessage.h */ = {isa = PBXFileReference; lastKnownFileType = sourcecode.c.h; path = MPABTestDesignerDisconnectMessage.h; sourceTree = "<group>"; };
		0755F51F1A2651B50028DEF6 /* MPABTestDesignerDisconnectMessage.m */ = {isa = PBXFileReference; lastKnownFileType = sourcecode.c.objc; path = MPABTestDesignerDisconnectMessage.m; sourceTree = "<group>"; };
		0755F5201A2651B50028DEF6 /* MPABTestDesignerMessage.h */ = {isa = PBXFileReference; lastKnownFileType = sourcecode.c.h; path = MPABTestDesignerMessage.h; sourceTree = "<group>"; };
		0755F5211A2651B50028DEF6 /* MPABTestDesignerSnapshotRequestMessage.h */ = {isa = PBXFileReference; lastKnownFileType = sourcecode.c.h; path = MPABTestDesignerSnapshotRequestMessage.h; sourceTree = "<group>"; };
		0755F5221A2651B50028DEF6 /* MPABTestDesignerSnapshotRequestMessage.m */ = {isa = PBXFileReference; lastKnownFileType = sourcecode.c.objc; path = MPABTestDesignerSnapshotRequestMessage.m; sourceTree = "<group>"; };
		0755F5231A2651B50028DEF6 /* MPABTestDesignerSnapshotResponseMessage.h */ = {isa = PBXFileReference; lastKnownFileType = sourcecode.c.h; path = MPABTestDesignerSnapshotResponseMessage.h; sourceTree = "<group>"; };
		0755F5241A2651B50028DEF6 /* MPABTestDesignerSnapshotResponseMessage.m */ = {isa = PBXFileReference; lastKnownFileType = sourcecode.c.objc; path = MPABTestDesignerSnapshotResponseMessage.m; sourceTree = "<group>"; };
		0755F5251A2651B50028DEF6 /* MPABTestDesignerTweakRequestMessage.h */ = {isa = PBXFileReference; lastKnownFileType = sourcecode.c.h; path = MPABTestDesignerTweakRequestMessage.h; sourceTree = "<group>"; };
		0755F5261A2651B50028DEF6 /* MPABTestDesignerTweakRequestMessage.m */ = {isa = PBXFileReference; lastKnownFileType = sourcecode.c.objc; path = MPABTestDesignerTweakRequestMessage.m; sourceTree = "<group>"; };
		0755F5271A2651B50028DEF6 /* MPABTestDesignerTweakResponseMessage.h */ = {isa = PBXFileReference; lastKnownFileType = sourcecode.c.h; path = MPABTestDesignerTweakResponseMessage.h; sourceTree = "<group>"; };
		0755F5281A2651B50028DEF6 /* MPABTestDesignerTweakResponseMessage.m */ = {isa = PBXFileReference; lastKnownFileType = sourcecode.c.objc; path = MPABTestDesignerTweakResponseMessage.m; sourceTree = "<group>"; };
		0755F5291A2651B50028DEF6 /* MPApplicationStateSerializer.h */ = {isa = PBXFileReference; lastKnownFileType = sourcecode.c.h; path = MPApplicationStateSerializer.h; sourceTree = "<group>"; };
		0755F52A1A2651B50028DEF6 /* MPApplicationStateSerializer.m */ = {isa = PBXFileReference; lastKnownFileType = sourcecode.c.objc; path = MPApplicationStateSerializer.m; sourceTree = "<group>"; };
		0755F52B1A2651B50028DEF6 /* MPBOOLToNSNumberValueTransformer.m */ = {isa = PBXFileReference; lastKnownFileType = sourcecode.c.objc; path = MPBOOLToNSNumberValueTransformer.m; sourceTree = "<group>"; };
		0755F52C1A2651B50028DEF6 /* MPCategoryHelpers.h */ = {isa = PBXFileReference; lastKnownFileType = sourcecode.c.h; path = MPCategoryHelpers.h; sourceTree = "<group>"; };
		0755F52D1A2651B50028DEF6 /* MPCATransform3DToNSDictionaryValueTransformer.m */ = {isa = PBXFileReference; lastKnownFileType = sourcecode.c.objc; path = MPCATransform3DToNSDictionaryValueTransformer.m; sourceTree = "<group>"; };
		0755F52E1A2651B50028DEF6 /* MPCGAffineTransformToNSDictionaryValueTransformer.m */ = {isa = PBXFileReference; lastKnownFileType = sourcecode.c.objc; path = MPCGAffineTransformToNSDictionaryValueTransformer.m; sourceTree = "<group>"; };
		0755F52F1A2651B50028DEF6 /* MPCGColorRefToNSStringValueTransformer.m */ = {isa = PBXFileReference; lastKnownFileType = sourcecode.c.objc; path = MPCGColorRefToNSStringValueTransformer.m; sourceTree = "<group>"; };
		0755F5301A2651B50028DEF6 /* MPCGPointToNSDictionaryValueTransformer.m */ = {isa = PBXFileReference; lastKnownFileType = sourcecode.c.objc; path = MPCGPointToNSDictionaryValueTransformer.m; sourceTree = "<group>"; };
		0755F5311A2651B50028DEF6 /* MPCGRectToNSDictionaryValueTransformer.m */ = {isa = PBXFileReference; lastKnownFileType = sourcecode.c.objc; path = MPCGRectToNSDictionaryValueTransformer.m; sourceTree = "<group>"; };
		0755F5321A2651B50028DEF6 /* MPCGSizeToNSDictionaryValueTransformer.m */ = {isa = PBXFileReference; lastKnownFileType = sourcecode.c.objc; path = MPCGSizeToNSDictionaryValueTransformer.m; sourceTree = "<group>"; };
		0755F5331A2651B50028DEF6 /* MPClassDescription.h */ = {isa = PBXFileReference; lastKnownFileType = sourcecode.c.h; path = MPClassDescription.h; sourceTree = "<group>"; };
		0755F5341A2651B50028DEF6 /* MPClassDescription.m */ = {isa = PBXFileReference; lastKnownFileType = sourcecode.c.objc; path = MPClassDescription.m; sourceTree = "<group>"; };
		0755F5351A2651B50028DEF6 /* MPCloseBtn.png */ = {isa = PBXFileReference; lastKnownFileType = image.png; path = MPCloseBtn.png; sourceTree = "<group>"; };
		0755F5361A2651B50028DEF6 /* MPCloseBtn@2x.png */ = {isa = PBXFileReference; lastKnownFileType = image.png; path = "MPCloseBtn@2x.png"; sourceTree = "<group>"; };
		0755F5371A2651B50028DEF6 /* MPDesignerEventBindingMessage.h */ = {isa = PBXFileReference; lastKnownFileType = sourcecode.c.h; path = MPDesignerEventBindingMessage.h; sourceTree = "<group>"; };
		0755F5381A2651B50028DEF6 /* MPDesignerEventBindingRequestMesssage.m */ = {isa = PBXFileReference; lastKnownFileType = sourcecode.c.objc; path = MPDesignerEventBindingRequestMesssage.m; sourceTree = "<group>"; };
		0755F5391A2651B50028DEF6 /* MPDesignerEventBindingResponseMesssage.m */ = {isa = PBXFileReference; lastKnownFileType = sourcecode.c.objc; path = MPDesignerEventBindingResponseMesssage.m; sourceTree = "<group>"; };
		0755F53A1A2651B50028DEF6 /* MPDesignerSessionCollection.h */ = {isa = PBXFileReference; lastKnownFileType = sourcecode.c.h; path = MPDesignerSessionCollection.h; sourceTree = "<group>"; };
		0755F53B1A2651B50028DEF6 /* MPDesignerTrackMessage.m */ = {isa = PBXFileReference; lastKnownFileType = sourcecode.c.objc; path = MPDesignerTrackMessage.m; sourceTree = "<group>"; };
		0755F53C1A2651B50028DEF6 /* MPEnumDescription.h */ = {isa = PBXFileReference; lastKnownFileType = sourcecode.c.h; path = MPEnumDescription.h; sourceTree = "<group>"; };
		0755F53D1A2651B50028DEF6 /* MPEnumDescription.m */ = {isa = PBXFileReference; lastKnownFileType = sourcecode.c.objc; path = MPEnumDescription.m; sourceTree = "<group>"; };
		0755F53E1A2651B50028DEF6 /* MPEventBinding.h */ = {isa = PBXFileReference; lastKnownFileType = sourcecode.c.h; path = MPEventBinding.h; sourceTree = "<group>"; };
		0755F53F1A2651B50028DEF6 /* MPEventBinding.m */ = {isa = PBXFileReference; lastKnownFileType = sourcecode.c.objc; path = MPEventBinding.m; sourceTree = "<group>"; };
		0755F5401A2651B50028DEF6 /* MPLogging.h */ = {isa = PBXFileReference; lastKnownFileType = sourcecode.c.h; path = MPLogging.h; sourceTree = "<group>"; };
		0755F5411A2651B50028DEF6 /* MPNotification.h */ = {isa = PBXFileReference; lastKnownFileType = sourcecode.c.h; path = MPNotification.h; sourceTree = "<group>"; };
		0755F5421A2651B50028DEF6 /* MPNotification.m */ = {isa = PBXFileReference; lastKnownFileType = sourcecode.c.objc; path = MPNotification.m; sourceTree = "<group>"; };
		0755F5431A2651B50028DEF6 /* MPNotification.storyboard */ = {isa = PBXFileReference; lastKnownFileType = file.storyboard; path = MPNotification.storyboard; sourceTree = "<group>"; };
		0755F5441A2651B50028DEF6 /* MPNotificationViewController.h */ = {isa = PBXFileReference; lastKnownFileType = sourcecode.c.h; path = MPNotificationViewController.h; sourceTree = "<group>"; };
		0755F5451A2651B50028DEF6 /* MPNotificationViewController.m */ = {isa = PBXFileReference; lastKnownFileType = sourcecode.c.objc; path = MPNotificationViewController.m; sourceTree = "<group>"; };
		0755F5461A2651B50028DEF6 /* MPNSAttributedStringToNSDictionaryValueTransformer.m */ = {isa = PBXFileReference; lastKnownFileType = sourcecode.c.objc; path = MPNSAttributedStringToNSDictionaryValueTransformer.m; sourceTree = "<group>"; };
		0755F5471A2651B50028DEF6 /* MPNSNumberToCGFloatValueTransformer.m */ = {isa = PBXFileReference; lastKnownFileType = sourcecode.c.objc; path = MPNSNumberToCGFloatValueTransformer.m; sourceTree = "<group>"; };
		0755F5481A2651B50028DEF6 /* MPObjectIdentifierProvider.h */ = {isa = PBXFileReference; lastKnownFileType = sourcecode.c.h; path = MPObjectIdentifierProvider.h; sourceTree = "<group>"; };
		0755F5491A2651B50028DEF6 /* MPObjectIdentityProvider.h */ = {isa = PBXFileReference; lastKnownFileType = sourcecode.c.h; path = MPObjectIdentityProvider.h; sourceTree = "<group>"; };
		0755F54A1A2651B50028DEF6 /* MPObjectIdentityProvider.m */ = {isa = PBXFileReference; lastKnownFileType = sourcecode.c.objc; path = MPObjectIdentityProvider.m; sourceTree = "<group>"; };
		0755F54B1A2651B50028DEF6 /* MPObjectSelector.h */ = {isa = PBXFileReference; lastKnownFileType = sourcecode.c.h; path = MPObjectSelector.h; sourceTree = "<group>"; };
		0755F54C1A2651B50028DEF6 /* MPObjectSelector.m */ = {isa = PBXFileReference; lastKnownFileType = sourcecode.c.objc; path = MPObjectSelector.m; sourceTree = "<group>"; };
		0755F54D1A2651B50028DEF6 /* MPObjectSerializer.h */ = {isa = PBXFileReference; lastKnownFileType = sourcecode.c.h; path = MPObjectSerializer.h; sourceTree = "<group>"; };
		0755F54E1A2651B50028DEF6 /* MPObjectSerializer.m */ = {isa = PBXFileReference; lastKnownFileType = sourcecode.c.objc; path = MPObjectSerializer.m; sourceTree = "<group>"; };
		0755F54F1A2651B50028DEF6 /* MPObjectSerializerConfig.h */ = {isa = PBXFileReference; lastKnownFileType = sourcecode.c.h; path = MPObjectSerializerConfig.h; sourceTree = "<group>"; };
		0755F5501A2651B50028DEF6 /* MPObjectSerializerConfig.m */ = {isa = PBXFileReference; lastKnownFileType = sourcecode.c.objc; path = MPObjectSerializerConfig.m; sourceTree = "<group>"; };
		0755F5511A2651B50028DEF6 /* MPObjectSerializerContext.h */ = {isa = PBXFileReference; lastKnownFileType = sourcecode.c.h; path = MPObjectSerializerContext.h; sourceTree = "<group>"; };
		0755F5521A2651B50028DEF6 /* MPObjectSerializerContext.m */ = {isa = PBXFileReference; lastKnownFileType = sourcecode.c.objc; path = MPObjectSerializerContext.m; sourceTree = "<group>"; };
		0755F5531A2651B50028DEF6 /* MPPassThroughValueTransformer.m */ = {isa = PBXFileReference; lastKnownFileType = sourcecode.c.objc; path = MPPassThroughValueTransformer.m; sourceTree = "<group>"; };
		0755F5541A2651B50028DEF6 /* MPPropertyDescription.h */ = {isa = PBXFileReference; lastKnownFileType = sourcecode.c.h; path = MPPropertyDescription.h; sourceTree = "<group>"; };
		0755F5551A2651B50028DEF6 /* MPPropertyDescription.m */ = {isa = PBXFileReference; lastKnownFileType = sourcecode.c.objc; path = MPPropertyDescription.m; sourceTree = "<group>"; };
		0755F5561A2651B50028DEF6 /* MPSequenceGenerator.h */ = {isa = PBXFileReference; lastKnownFileType = sourcecode.c.h; path = MPSequenceGenerator.h; sourceTree = "<group>"; };
		0755F5571A2651B50028DEF6 /* MPSequenceGenerator.m */ = {isa = PBXFileReference; lastKnownFileType = sourcecode.c.objc; path = MPSequenceGenerator.m; sourceTree = "<group>"; };
		0755F5581A2651B50028DEF6 /* MPSurvey.h */ = {isa = PBXFileReference; lastKnownFileType = sourcecode.c.h; path = MPSurvey.h; sourceTree = "<group>"; };
		0755F5591A2651B50028DEF6 /* MPSurvey.m */ = {isa = PBXFileReference; lastKnownFileType = sourcecode.c.objc; path = MPSurvey.m; sourceTree = "<group>"; };
		0755F55A1A2651B50028DEF6 /* MPSurvey.storyboard */ = {isa = PBXFileReference; lastKnownFileType = file.storyboard; path = MPSurvey.storyboard; sourceTree = "<group>"; };
		0755F55B1A2651B50028DEF6 /* MPSurveyNavigationController.h */ = {isa = PBXFileReference; lastKnownFileType = sourcecode.c.h; path = MPSurveyNavigationController.h; sourceTree = "<group>"; };
		0755F55C1A2651B50028DEF6 /* MPSurveyNavigationController.m */ = {isa = PBXFileReference; lastKnownFileType = sourcecode.c.objc; path = MPSurveyNavigationController.m; sourceTree = "<group>"; };
		0755F55D1A2651B50028DEF6 /* MPSurveyQuestion.h */ = {isa = PBXFileReference; lastKnownFileType = sourcecode.c.h; path = MPSurveyQuestion.h; sourceTree = "<group>"; };
		0755F55E1A2651B50028DEF6 /* MPSurveyQuestion.m */ = {isa = PBXFileReference; lastKnownFileType = sourcecode.c.objc; path = MPSurveyQuestion.m; sourceTree = "<group>"; };
		0755F55F1A2651B50028DEF6 /* MPSurveyQuestionViewController.h */ = {isa = PBXFileReference; lastKnownFileType = sourcecode.c.h; path = MPSurveyQuestionViewController.h; sourceTree = "<group>"; };
		0755F5601A2651B50028DEF6 /* MPSurveyQuestionViewController.m */ = {isa = PBXFileReference; lastKnownFileType = sourcecode.c.objc; path = MPSurveyQuestionViewController.m; sourceTree = "<group>"; };
		0755F5611A2651B50028DEF6 /* MPSwizzler.h */ = {isa = PBXFileReference; lastKnownFileType = sourcecode.c.h; path = MPSwizzler.h; sourceTree = "<group>"; };
		0755F5621A2651B50028DEF6 /* MPSwizzler.m */ = {isa = PBXFileReference; lastKnownFileType = sourcecode.c.objc; path = MPSwizzler.m; sourceTree = "<group>"; };
		0755F5631A2651B50028DEF6 /* MPTweak.h */ = {isa = PBXFileReference; lastKnownFileType = sourcecode.c.h; path = MPTweak.h; sourceTree = "<group>"; };
		0755F5641A2651B50028DEF6 /* MPTweak.m */ = {isa = PBXFileReference; lastKnownFileType = sourcecode.c.objc; path = MPTweak.m; sourceTree = "<group>"; };
		0755F5651A2651B50028DEF6 /* MPTweakInline.h */ = {isa = PBXFileReference; lastKnownFileType = sourcecode.c.h; path = MPTweakInline.h; sourceTree = "<group>"; };
		0755F5661A2651B50028DEF6 /* MPTweakInline.m */ = {isa = PBXFileReference; lastKnownFileType = sourcecode.c.objc; path = MPTweakInline.m; sourceTree = "<group>"; };
		0755F5671A2651B50028DEF6 /* MPTweakInlineInternal.h */ = {isa = PBXFileReference; lastKnownFileType = sourcecode.c.h; path = MPTweakInlineInternal.h; sourceTree = "<group>"; };
		0755F5681A2651B50028DEF6 /* MPTweakStore.h */ = {isa = PBXFileReference; lastKnownFileType = sourcecode.c.h; path = MPTweakStore.h; sourceTree = "<group>"; };
		0755F5691A2651B50028DEF6 /* MPTweakStore.m */ = {isa = PBXFileReference; lastKnownFileType = sourcecode.c.objc; path = MPTweakStore.m; sourceTree = "<group>"; };
		0755F56A1A2651B50028DEF6 /* MPTypeDescription.h */ = {isa = PBXFileReference; lastKnownFileType = sourcecode.c.h; path = MPTypeDescription.h; sourceTree = "<group>"; };
		0755F56B1A2651B50028DEF6 /* MPTypeDescription.m */ = {isa = PBXFileReference; lastKnownFileType = sourcecode.c.objc; path = MPTypeDescription.m; sourceTree = "<group>"; };
		0755F56C1A2651B50028DEF6 /* MPUIColorToNSStringValueTransformer.m */ = {isa = PBXFileReference; lastKnownFileType = sourcecode.c.objc; path = MPUIColorToNSStringValueTransformer.m; sourceTree = "<group>"; };
		0755F56D1A2651B50028DEF6 /* MPUIControlBinding.h */ = {isa = PBXFileReference; lastKnownFileType = sourcecode.c.h; path = MPUIControlBinding.h; sourceTree = "<group>"; };
		0755F56E1A2651B50028DEF6 /* MPUIControlBinding.m */ = {isa = PBXFileReference; lastKnownFileType = sourcecode.c.objc; path = MPUIControlBinding.m; sourceTree = "<group>"; };
		0755F56F1A2651B50028DEF6 /* MPUIEdgeInsetsToNSDictionaryValueTransformer.m */ = {isa = PBXFileReference; lastKnownFileType = sourcecode.c.objc; path = MPUIEdgeInsetsToNSDictionaryValueTransformer.m; sourceTree = "<group>"; };
		0755F5701A2651B50028DEF6 /* MPUIFontToNSDictionaryValueTransformer.m */ = {isa = PBXFileReference; lastKnownFileType = sourcecode.c.objc; path = MPUIFontToNSDictionaryValueTransformer.m; sourceTree = "<group>"; };
		0755F5711A2651B50028DEF6 /* MPUIImageToNSDictionaryValueTransformer.m */ = {isa = PBXFileReference; lastKnownFileType = sourcecode.c.objc; path = MPUIImageToNSDictionaryValueTransformer.m; sourceTree = "<group>"; };
		0755F5721A2651B50028DEF6 /* MPUITableViewBinding.h */ = {isa = PBXFileReference; lastKnownFileType = sourcecode.c.h; path = MPUITableViewBinding.h; sourceTree = "<group>"; };
		0755F5731A2651B50028DEF6 /* MPUITableViewBinding.m */ = {isa = PBXFileReference; lastKnownFileType = sourcecode.c.objc; path = MPUITableViewBinding.m; sourceTree = "<group>"; };
		0755F5741A2651B50028DEF6 /* MPValueTransformers.h */ = {isa = PBXFileReference; lastKnownFileType = sourcecode.c.h; path = MPValueTransformers.h; sourceTree = "<group>"; };
		0755F5751A2651B50028DEF6 /* MPVariant.h */ = {isa = PBXFileReference; lastKnownFileType = sourcecode.c.h; path = MPVariant.h; sourceTree = "<group>"; };
		0755F5761A2651B50028DEF6 /* MPVariant.m */ = {isa = PBXFileReference; lastKnownFileType = sourcecode.c.objc; path = MPVariant.m; sourceTree = "<group>"; };
		0755F5771A2651B50028DEF6 /* MPWebSocket.h */ = {isa = PBXFileReference; lastKnownFileType = sourcecode.c.h; path = MPWebSocket.h; sourceTree = "<group>"; };
		0755F5781A2651B50028DEF6 /* MPWebSocket.m */ = {isa = PBXFileReference; lastKnownFileType = sourcecode.c.objc; path = MPWebSocket.m; sourceTree = "<group>"; };
		0755F5791A2651B50028DEF6 /* NSData+MPBase64.h */ = {isa = PBXFileReference; lastKnownFileType = sourcecode.c.h; path = "NSData+MPBase64.h"; sourceTree = "<group>"; };
		0755F57A1A2651B50028DEF6 /* NSData+MPBase64.m */ = {isa = PBXFileReference; lastKnownFileType = sourcecode.c.objc; path = "NSData+MPBase64.m"; sourceTree = "<group>"; };
		0755F57B1A2651B50028DEF6 /* NSInvocation+MPHelpers.h */ = {isa = PBXFileReference; lastKnownFileType = sourcecode.c.h; path = "NSInvocation+MPHelpers.h"; sourceTree = "<group>"; };
		0755F57C1A2651B50028DEF6 /* NSInvocation+MPHelpers.m */ = {isa = PBXFileReference; lastKnownFileType = sourcecode.c.objc; path = "NSInvocation+MPHelpers.m"; sourceTree = "<group>"; };
		0755F57D1A2651B50028DEF6 /* snapshot_config.json */ = {isa = PBXFileReference; lastKnownFileType = text.json; path = snapshot_config.json; sourceTree = "<group>"; };
		0755F57E1A2651B50028DEF6 /* test_variant.json */ = {isa = PBXFileReference; lastKnownFileType = text.json; path = test_variant.json; sourceTree = "<group>"; };
		0755F57F1A2651B50028DEF6 /* UIColor+MPColor.h */ = {isa = PBXFileReference; lastKnownFileType = sourcecode.c.h; path = "UIColor+MPColor.h"; sourceTree = "<group>"; };
		0755F5801A2651B50028DEF6 /* UIColor+MPColor.m */ = {isa = PBXFileReference; lastKnownFileType = sourcecode.c.objc; path = "UIColor+MPColor.m"; sourceTree = "<group>"; };
		0755F5811A2651B50028DEF6 /* UIImage+MPAverageColor.h */ = {isa = PBXFileReference; lastKnownFileType = sourcecode.c.h; path = "UIImage+MPAverageColor.h"; sourceTree = "<group>"; };
		0755F5821A2651B50028DEF6 /* UIImage+MPAverageColor.m */ = {isa = PBXFileReference; lastKnownFileType = sourcecode.c.objc; path = "UIImage+MPAverageColor.m"; sourceTree = "<group>"; };
		0755F5831A2651B50028DEF6 /* UIImage+MPImageEffects.h */ = {isa = PBXFileReference; lastKnownFileType = sourcecode.c.h; path = "UIImage+MPImageEffects.h"; sourceTree = "<group>"; };
		0755F5841A2651B50028DEF6 /* UIImage+MPImageEffects.m */ = {isa = PBXFileReference; lastKnownFileType = sourcecode.c.objc; path = "UIImage+MPImageEffects.m"; sourceTree = "<group>"; };
		0755F6941A2658D90028DEF6 /* PrefixHeader.pch */ = {isa = PBXFileReference; fileEncoding = 4; lastKnownFileType = sourcecode.c.h; path = PrefixHeader.pch; sourceTree = "<group>"; };
		07A348E31A26366300F6A8E5 /* libmixpanel-ios.a */ = {isa = PBXFileReference; explicitFileType = archive.ar; includeInIndex = 0; path = "libmixpanel-ios.a"; sourceTree = BUILT_PRODUCTS_DIR; };
		07A348F41A26366400F6A8E5 /* Info.plist */ = {isa = PBXFileReference; lastKnownFileType = text.plist.xml; path = Info.plist; sourceTree = "<group>"; };
		07A34A021A2636FE00F6A8E5 /* FlashRuntimeExtensions.h */ = {isa = PBXFileReference; fileEncoding = 4; lastKnownFileType = sourcecode.c.h; path = FlashRuntimeExtensions.h; sourceTree = "<group>"; };
		07A34A031A2636FE00F6A8E5 /* MixpanelFlashLibrary.h */ = {isa = PBXFileReference; fileEncoding = 4; lastKnownFileType = sourcecode.c.h; path = MixpanelFlashLibrary.h; sourceTree = "<group>"; };
		07A34A041A2636FE00F6A8E5 /* MixpanelFlashLibrary.m */ = {isa = PBXFileReference; fileEncoding = 4; lastKnownFileType = sourcecode.c.objc; path = MixpanelFlashLibrary.m; sourceTree = "<group>"; };
		07A34A061A26379000F6A8E5 /* Accelerate.framework */ = {isa = PBXFileReference; lastKnownFileType = wrapper.framework; name = Accelerate.framework; path = System/Library/Frameworks/Accelerate.framework; sourceTree = SDKROOT; };
		07A34A081A26379D00F6A8E5 /* Foundation.framework */ = {isa = PBXFileReference; lastKnownFileType = wrapper.framework; name = Foundation.framework; path = System/Library/Frameworks/Foundation.framework; sourceTree = SDKROOT; };
		07A34A0A1A2637AB00F6A8E5 /* CoreFoundation.framework */ = {isa = PBXFileReference; lastKnownFileType = wrapper.framework; name = CoreFoundation.framework; path = System/Library/Frameworks/CoreFoundation.framework; sourceTree = SDKROOT; };
		07A34A0C1A2637B100F6A8E5 /* UIKit.framework */ = {isa = PBXFileReference; lastKnownFileType = wrapper.framework; name = UIKit.framework; path = System/Library/Frameworks/UIKit.framework; sourceTree = SDKROOT; };
		07A34A0E1A26384A00F6A8E5 /* Security.framework */ = {isa = PBXFileReference; lastKnownFileType = wrapper.framework; name = Security.framework; path = System/Library/Frameworks/Security.framework; sourceTree = SDKROOT; };
		07A34A101A26385200F6A8E5 /* QuartzCore.framework */ = {isa = PBXFileReference; lastKnownFileType = wrapper.framework; name = QuartzCore.framework; path = System/Library/Frameworks/QuartzCore.framework; sourceTree = SDKROOT; };
		07A34A121A26385F00F6A8E5 /* SystemConfiguration.framework */ = {isa = PBXFileReference; lastKnownFileType = wrapper.framework; name = SystemConfiguration.framework; path = System/Library/Frameworks/SystemConfiguration.framework; sourceTree = SDKROOT; };
		07A34A141A26387000F6A8E5 /* CoreTelephony.framework */ = {isa = PBXFileReference; lastKnownFileType = wrapper.framework; name = CoreTelephony.framework; path = System/Library/Frameworks/CoreTelephony.framework; sourceTree = SDKROOT; };
		07A34A161A26388100F6A8E5 /* CoreGraphics.framework */ = {isa = PBXFileReference; lastKnownFileType = wrapper.framework; name = CoreGraphics.framework; path = System/Library/Frameworks/CoreGraphics.framework; sourceTree = SDKROOT; };
/* End PBXFileReference section */

/* Begin PBXFrameworksBuildPhase section */
		07A348E01A26366300F6A8E5 /* Frameworks */ = {
			isa = PBXFrameworksBuildPhase;
			buildActionMask = 2147483647;
			files = (
				07A34A091A26379D00F6A8E5 /* Foundation.framework in Frameworks */,
				07A34A0D1A2637B100F6A8E5 /* UIKit.framework in Frameworks */,
				07A34A171A26388100F6A8E5 /* CoreGraphics.framework in Frameworks */,
				07A34A151A26387000F6A8E5 /* CoreTelephony.framework in Frameworks */,
				07A34A131A26385F00F6A8E5 /* SystemConfiguration.framework in Frameworks */,
				07A34A111A26385200F6A8E5 /* QuartzCore.framework in Frameworks */,
				07A34A0F1A26384A00F6A8E5 /* Security.framework in Frameworks */,
				07A34A071A26379000F6A8E5 /* Accelerate.framework in Frameworks */,
			);
			runOnlyForDeploymentPostprocessing = 0;
		};
/* End PBXFrameworksBuildPhase section */

/* Begin PBXGroup section */
		0755F5071A2651B50028DEF6 /* Mixpanel */ = {
			isa = PBXGroup;
			children = (
				0755F5081A2651B50028DEF6 /* _MPTweakBindObserver.h */,
				0755F5091A2651B50028DEF6 /* _MPTweakBindObserver.m */,
				0755F50A1A2651B50028DEF6 /* libMPCategoryHelpers.a */,
				0755F50B1A2651B50028DEF6 /* Media.xcassets */,
				0755F50C1A2651B50028DEF6 /* Mixpanel.h */,
				0755F50D1A2651B50028DEF6 /* Mixpanel.m */,
				0755F50E1A2651B50028DEF6 /* MPAbstractABTestDesignerMessage.h */,
				0755F50F1A2651B50028DEF6 /* MPAbstractABTestDesignerMessage.m */,
				0755F5101A2651B50028DEF6 /* MPABTestDesignerChangeRequestMessage.h */,
				0755F5111A2651B50028DEF6 /* MPABTestDesignerChangeRequestMessage.m */,
				0755F5121A2651B50028DEF6 /* MPABTestDesignerChangeResponseMessage.h */,
				0755F5131A2651B50028DEF6 /* MPABTestDesignerChangeResponseMessage.m */,
				0755F5141A2651B50028DEF6 /* MPABTestDesignerClearRequestMessage.h */,
				0755F5151A2651B50028DEF6 /* MPABTestDesignerClearRequestMessage.m */,
				0755F5161A2651B50028DEF6 /* MPABTestDesignerClearResponseMessage.h */,
				0755F5171A2651B50028DEF6 /* MPABTestDesignerClearResponseMessage.m */,
				0755F5181A2651B50028DEF6 /* MPABTestDesignerConnection.h */,
				0755F5191A2651B50028DEF6 /* MPABTestDesignerConnection.m */,
				0755F51A1A2651B50028DEF6 /* MPABTestDesignerDeviceInfoRequestMessage.h */,
				0755F51B1A2651B50028DEF6 /* MPABTestDesignerDeviceInfoRequestMessage.m */,
				0755F51C1A2651B50028DEF6 /* MPABTestDesignerDeviceInfoResponseMessage.h */,
				0755F51D1A2651B50028DEF6 /* MPABTestDesignerDeviceInfoResponseMessage.m */,
				0755F51E1A2651B50028DEF6 /* MPABTestDesignerDisconnectMessage.h */,
				0755F51F1A2651B50028DEF6 /* MPABTestDesignerDisconnectMessage.m */,
				0755F5201A2651B50028DEF6 /* MPABTestDesignerMessage.h */,
				0755F5211A2651B50028DEF6 /* MPABTestDesignerSnapshotRequestMessage.h */,
				0755F5221A2651B50028DEF6 /* MPABTestDesignerSnapshotRequestMessage.m */,
				0755F5231A2651B50028DEF6 /* MPABTestDesignerSnapshotResponseMessage.h */,
				0755F5241A2651B50028DEF6 /* MPABTestDesignerSnapshotResponseMessage.m */,
				0755F5251A2651B50028DEF6 /* MPABTestDesignerTweakRequestMessage.h */,
				0755F5261A2651B50028DEF6 /* MPABTestDesignerTweakRequestMessage.m */,
				0755F5271A2651B50028DEF6 /* MPABTestDesignerTweakResponseMessage.h */,
				0755F5281A2651B50028DEF6 /* MPABTestDesignerTweakResponseMessage.m */,
				0755F5291A2651B50028DEF6 /* MPApplicationStateSerializer.h */,
				0755F52A1A2651B50028DEF6 /* MPApplicationStateSerializer.m */,
				0755F52B1A2651B50028DEF6 /* MPBOOLToNSNumberValueTransformer.m */,
				0755F52C1A2651B50028DEF6 /* MPCategoryHelpers.h */,
				0755F52D1A2651B50028DEF6 /* MPCATransform3DToNSDictionaryValueTransformer.m */,
				0755F52E1A2651B50028DEF6 /* MPCGAffineTransformToNSDictionaryValueTransformer.m */,
				0755F52F1A2651B50028DEF6 /* MPCGColorRefToNSStringValueTransformer.m */,
				0755F5301A2651B50028DEF6 /* MPCGPointToNSDictionaryValueTransformer.m */,
				0755F5311A2651B50028DEF6 /* MPCGRectToNSDictionaryValueTransformer.m */,
				0755F5321A2651B50028DEF6 /* MPCGSizeToNSDictionaryValueTransformer.m */,
				0755F5331A2651B50028DEF6 /* MPClassDescription.h */,
				0755F5341A2651B50028DEF6 /* MPClassDescription.m */,
				0755F5351A2651B50028DEF6 /* MPCloseBtn.png */,
				0755F5361A2651B50028DEF6 /* MPCloseBtn@2x.png */,
				0755F5371A2651B50028DEF6 /* MPDesignerEventBindingMessage.h */,
				0755F5381A2651B50028DEF6 /* MPDesignerEventBindingRequestMesssage.m */,
				0755F5391A2651B50028DEF6 /* MPDesignerEventBindingResponseMesssage.m */,
				0755F53A1A2651B50028DEF6 /* MPDesignerSessionCollection.h */,
				0755F53B1A2651B50028DEF6 /* MPDesignerTrackMessage.m */,
				0755F53C1A2651B50028DEF6 /* MPEnumDescription.h */,
				0755F53D1A2651B50028DEF6 /* MPEnumDescription.m */,
				0755F53E1A2651B50028DEF6 /* MPEventBinding.h */,
				0755F53F1A2651B50028DEF6 /* MPEventBinding.m */,
				0755F5401A2651B50028DEF6 /* MPLogging.h */,
				0755F5411A2651B50028DEF6 /* MPNotification.h */,
				0755F5421A2651B50028DEF6 /* MPNotification.m */,
				0755F5431A2651B50028DEF6 /* MPNotification.storyboard */,
				0755F5441A2651B50028DEF6 /* MPNotificationViewController.h */,
				0755F5451A2651B50028DEF6 /* MPNotificationViewController.m */,
				0755F5461A2651B50028DEF6 /* MPNSAttributedStringToNSDictionaryValueTransformer.m */,
				0755F5471A2651B50028DEF6 /* MPNSNumberToCGFloatValueTransformer.m */,
				0755F5481A2651B50028DEF6 /* MPObjectIdentifierProvider.h */,
				0755F5491A2651B50028DEF6 /* MPObjectIdentityProvider.h */,
				0755F54A1A2651B50028DEF6 /* MPObjectIdentityProvider.m */,
				0755F54B1A2651B50028DEF6 /* MPObjectSelector.h */,
				0755F54C1A2651B50028DEF6 /* MPObjectSelector.m */,
				0755F54D1A2651B50028DEF6 /* MPObjectSerializer.h */,
				0755F54E1A2651B50028DEF6 /* MPObjectSerializer.m */,
				0755F54F1A2651B50028DEF6 /* MPObjectSerializerConfig.h */,
				0755F5501A2651B50028DEF6 /* MPObjectSerializerConfig.m */,
				0755F5511A2651B50028DEF6 /* MPObjectSerializerContext.h */,
				0755F5521A2651B50028DEF6 /* MPObjectSerializerContext.m */,
				0755F5531A2651B50028DEF6 /* MPPassThroughValueTransformer.m */,
				0755F5541A2651B50028DEF6 /* MPPropertyDescription.h */,
				0755F5551A2651B50028DEF6 /* MPPropertyDescription.m */,
				0755F5561A2651B50028DEF6 /* MPSequenceGenerator.h */,
				0755F5571A2651B50028DEF6 /* MPSequenceGenerator.m */,
				0755F5581A2651B50028DEF6 /* MPSurvey.h */,
				0755F5591A2651B50028DEF6 /* MPSurvey.m */,
				0755F55A1A2651B50028DEF6 /* MPSurvey.storyboard */,
				0755F55B1A2651B50028DEF6 /* MPSurveyNavigationController.h */,
				0755F55C1A2651B50028DEF6 /* MPSurveyNavigationController.m */,
				0755F55D1A2651B50028DEF6 /* MPSurveyQuestion.h */,
				0755F55E1A2651B50028DEF6 /* MPSurveyQuestion.m */,
				0755F55F1A2651B50028DEF6 /* MPSurveyQuestionViewController.h */,
				0755F5601A2651B50028DEF6 /* MPSurveyQuestionViewController.m */,
				0755F5611A2651B50028DEF6 /* MPSwizzler.h */,
				0755F5621A2651B50028DEF6 /* MPSwizzler.m */,
				0755F5631A2651B50028DEF6 /* MPTweak.h */,
				0755F5641A2651B50028DEF6 /* MPTweak.m */,
				0755F5651A2651B50028DEF6 /* MPTweakInline.h */,
				0755F5661A2651B50028DEF6 /* MPTweakInline.m */,
				0755F5671A2651B50028DEF6 /* MPTweakInlineInternal.h */,
				0755F5681A2651B50028DEF6 /* MPTweakStore.h */,
				0755F5691A2651B50028DEF6 /* MPTweakStore.m */,
				0755F56A1A2651B50028DEF6 /* MPTypeDescription.h */,
				0755F56B1A2651B50028DEF6 /* MPTypeDescription.m */,
				0755F56C1A2651B50028DEF6 /* MPUIColorToNSStringValueTransformer.m */,
				0755F56D1A2651B50028DEF6 /* MPUIControlBinding.h */,
				0755F56E1A2651B50028DEF6 /* MPUIControlBinding.m */,
				0755F56F1A2651B50028DEF6 /* MPUIEdgeInsetsToNSDictionaryValueTransformer.m */,
				0755F5701A2651B50028DEF6 /* MPUIFontToNSDictionaryValueTransformer.m */,
				0755F5711A2651B50028DEF6 /* MPUIImageToNSDictionaryValueTransformer.m */,
				0755F5721A2651B50028DEF6 /* MPUITableViewBinding.h */,
				0755F5731A2651B50028DEF6 /* MPUITableViewBinding.m */,
				0755F5741A2651B50028DEF6 /* MPValueTransformers.h */,
				0755F5751A2651B50028DEF6 /* MPVariant.h */,
				0755F5761A2651B50028DEF6 /* MPVariant.m */,
				0755F5771A2651B50028DEF6 /* MPWebSocket.h */,
				0755F5781A2651B50028DEF6 /* MPWebSocket.m */,
				0755F5791A2651B50028DEF6 /* NSData+MPBase64.h */,
				0755F57A1A2651B50028DEF6 /* NSData+MPBase64.m */,
				0755F57B1A2651B50028DEF6 /* NSInvocation+MPHelpers.h */,
				0755F57C1A2651B50028DEF6 /* NSInvocation+MPHelpers.m */,
				0755F57D1A2651B50028DEF6 /* snapshot_config.json */,
				0755F57E1A2651B50028DEF6 /* test_variant.json */,
				0755F57F1A2651B50028DEF6 /* UIColor+MPColor.h */,
				0755F5801A2651B50028DEF6 /* UIColor+MPColor.m */,
				0755F5811A2651B50028DEF6 /* UIImage+MPAverageColor.h */,
				0755F5821A2651B50028DEF6 /* UIImage+MPAverageColor.m */,
				0755F5831A2651B50028DEF6 /* UIImage+MPImageEffects.h */,
				0755F5841A2651B50028DEF6 /* UIImage+MPImageEffects.m */,
			);
			path = Mixpanel;
			sourceTree = "<group>";
		};
		07A348DA1A26366300F6A8E5 = {
			isa = PBXGroup;
			children = (
				0755F5071A2651B50028DEF6 /* Mixpanel */,
				07A34A181A2639A700F6A8E5 /* Frameworks */,
				07A348E51A26366300F6A8E5 /* Source */,
				07A348F21A26366400F6A8E5 /* mixPanelLibTests */,
				07A348E41A26366300F6A8E5 /* Products */,
			);
			sourceTree = "<group>";
		};
		07A348E41A26366300F6A8E5 /* Products */ = {
			isa = PBXGroup;
			children = (
				07A348E31A26366300F6A8E5 /* libmixpanel-ios.a */,
			);
			name = Products;
			sourceTree = "<group>";
		};
		07A348E51A26366300F6A8E5 /* Source */ = {
			isa = PBXGroup;
			children = (
				0755F6941A2658D90028DEF6 /* PrefixHeader.pch */,
				07A34A021A2636FE00F6A8E5 /* FlashRuntimeExtensions.h */,
				07A34A031A2636FE00F6A8E5 /* MixpanelFlashLibrary.h */,
				07A34A041A2636FE00F6A8E5 /* MixpanelFlashLibrary.m */,
			);
			name = Source;
			path = mixPanelLib;
			sourceTree = "<group>";
		};
		07A348F21A26366400F6A8E5 /* mixPanelLibTests */ = {
			isa = PBXGroup;
			children = (
				07A348F31A26366400F6A8E5 /* Supporting Files */,
			);
			path = mixPanelLibTests;
			sourceTree = "<group>";
		};
		07A348F31A26366400F6A8E5 /* Supporting Files */ = {
			isa = PBXGroup;
			children = (
				07A348F41A26366400F6A8E5 /* Info.plist */,
			);
			name = "Supporting Files";
			sourceTree = "<group>";
		};
		07A34A181A2639A700F6A8E5 /* Frameworks */ = {
			isa = PBXGroup;
			children = (
				07A34A161A26388100F6A8E5 /* CoreGraphics.framework */,
				07A34A141A26387000F6A8E5 /* CoreTelephony.framework */,
				07A34A121A26385F00F6A8E5 /* SystemConfiguration.framework */,
				07A34A101A26385200F6A8E5 /* QuartzCore.framework */,
				07A34A0E1A26384A00F6A8E5 /* Security.framework */,
				07A34A0C1A2637B100F6A8E5 /* UIKit.framework */,
				07A34A0A1A2637AB00F6A8E5 /* CoreFoundation.framework */,
				07A34A081A26379D00F6A8E5 /* Foundation.framework */,
				07A34A061A26379000F6A8E5 /* Accelerate.framework */,
			);
			name = Frameworks;
			sourceTree = "<group>";
		};
/* End PBXGroup section */

/* Begin PBXHeadersBuildPhase section */
		0755F5861A2652EE0028DEF6 /* Headers */ = {
			isa = PBXHeadersBuildPhase;
			buildActionMask = 2147483647;
			files = (
				0755F5871A2653040028DEF6 /* _MPTweakBindObserver.h in Headers */,
				0755F58B1A2653040028DEF6 /* Mixpanel.h in Headers */,
				0755F58D1A2653040028DEF6 /* MPAbstractABTestDesignerMessage.h in Headers */,
				0755F58F1A2653040028DEF6 /* MPABTestDesignerChangeRequestMessage.h in Headers */,
				0755F5911A2653040028DEF6 /* MPABTestDesignerChangeResponseMessage.h in Headers */,
				0755F5931A2653040028DEF6 /* MPABTestDesignerClearRequestMessage.h in Headers */,
				0755F5951A2653050028DEF6 /* MPABTestDesignerClearResponseMessage.h in Headers */,
				0755F5971A2653050028DEF6 /* MPABTestDesignerConnection.h in Headers */,
				0755F5991A2653050028DEF6 /* MPABTestDesignerDeviceInfoRequestMessage.h in Headers */,
				0755F59B1A2653050028DEF6 /* MPABTestDesignerDeviceInfoResponseMessage.h in Headers */,
				0755F59D1A2653050028DEF6 /* MPABTestDesignerDisconnectMessage.h in Headers */,
				0755F59F1A2653050028DEF6 /* MPABTestDesignerMessage.h in Headers */,
				0755F5A01A2653050028DEF6 /* MPABTestDesignerSnapshotRequestMessage.h in Headers */,
				0755F5A21A2653050028DEF6 /* MPABTestDesignerSnapshotResponseMessage.h in Headers */,
				0755F5A41A2653050028DEF6 /* MPABTestDesignerTweakRequestMessage.h in Headers */,
				0755F5A61A2653050028DEF6 /* MPABTestDesignerTweakResponseMessage.h in Headers */,
				0755F5A81A2653050028DEF6 /* MPApplicationStateSerializer.h in Headers */,
				0755F5AB1A2653050028DEF6 /* MPCategoryHelpers.h in Headers */,
				0755F5B21A2653050028DEF6 /* MPClassDescription.h in Headers */,
				0755F5B61A2653060028DEF6 /* MPDesignerEventBindingMessage.h in Headers */,
				0755F5B91A2653060028DEF6 /* MPDesignerSessionCollection.h in Headers */,
				0755F5BB1A2653060028DEF6 /* MPEnumDescription.h in Headers */,
				0755F5BD1A2653060028DEF6 /* MPEventBinding.h in Headers */,
				0755F5BF1A2653060028DEF6 /* MPLogging.h in Headers */,
				0755F5C01A2653060028DEF6 /* MPNotification.h in Headers */,
				0755F5C31A2653060028DEF6 /* MPNotificationViewController.h in Headers */,
				0755F5C71A2653060028DEF6 /* MPObjectIdentifierProvider.h in Headers */,
				0755F5C81A2653060028DEF6 /* MPObjectIdentityProvider.h in Headers */,
				0755F5CA1A2653070028DEF6 /* MPObjectSelector.h in Headers */,
				0755F5CC1A2653070028DEF6 /* MPObjectSerializer.h in Headers */,
				0755F5CE1A2653070028DEF6 /* MPObjectSerializerConfig.h in Headers */,
				0755F5D01A2653070028DEF6 /* MPObjectSerializerContext.h in Headers */,
				0755F5D31A2653070028DEF6 /* MPPropertyDescription.h in Headers */,
				0755F5D51A2653070028DEF6 /* MPSequenceGenerator.h in Headers */,
				0755F6951A2658D90028DEF6 /* PrefixHeader.pch in Headers */,
				0755F5D71A2653070028DEF6 /* MPSurvey.h in Headers */,
				0755F5DA1A2653080028DEF6 /* MPSurveyNavigationController.h in Headers */,
				0755F5DC1A2653080028DEF6 /* MPSurveyQuestion.h in Headers */,
				0755F5DE1A2653080028DEF6 /* MPSurveyQuestionViewController.h in Headers */,
				0755F5E01A2653080028DEF6 /* MPSwizzler.h in Headers */,
				0755F5E21A2653080028DEF6 /* MPTweak.h in Headers */,
				0755F5E41A2653080028DEF6 /* MPTweakInline.h in Headers */,
				0755F5E61A2653090028DEF6 /* MPTweakInlineInternal.h in Headers */,
				0755F5E71A2653090028DEF6 /* MPTweakStore.h in Headers */,
				0755F5E91A2653090028DEF6 /* MPTypeDescription.h in Headers */,
				0755F5EC1A2653090028DEF6 /* MPUIControlBinding.h in Headers */,
				0755F5F11A26530A0028DEF6 /* MPUITableViewBinding.h in Headers */,
				0755F5F31A26530A0028DEF6 /* MPValueTransformers.h in Headers */,
				0755F5F41A26530A0028DEF6 /* MPVariant.h in Headers */,
				0755F5F61A26530A0028DEF6 /* MPWebSocket.h in Headers */,
				0755F5F81A26530A0028DEF6 /* NSData+MPBase64.h in Headers */,
				0755F5FA1A26530A0028DEF6 /* NSInvocation+MPHelpers.h in Headers */,
				0755F5FE1A26530B0028DEF6 /* UIColor+MPColor.h in Headers */,
				0755F6001A26530B0028DEF6 /* UIImage+MPAverageColor.h in Headers */,
				0755F6021A26530B0028DEF6 /* UIImage+MPImageEffects.h in Headers */,
			);
			runOnlyForDeploymentPostprocessing = 0;
		};
/* End PBXHeadersBuildPhase section */

/* Begin PBXNativeTarget section */
		07A348E21A26366300F6A8E5 /* mixpanel-ios */ = {
			isa = PBXNativeTarget;
			buildConfigurationList = 07A348F71A26366400F6A8E5 /* Build configuration list for PBXNativeTarget "mixpanel-ios" */;
			buildPhases = (
				07A348DF1A26366300F6A8E5 /* Sources */,
				07A348E01A26366300F6A8E5 /* Frameworks */,
				07A348E11A26366300F6A8E5 /* CopyFiles */,
				0755F5861A2652EE0028DEF6 /* Headers */,
			);
			buildRules = (
			);
			dependencies = (
			);
			name = "mixpanel-ios";
			productName = mixPanelLib;
			productReference = 07A348E31A26366300F6A8E5 /* libmixpanel-ios.a */;
			productType = "com.apple.product-type.library.static";
		};
/* End PBXNativeTarget section */

/* Begin PBXProject section */
		07A348DB1A26366300F6A8E5 /* Project object */ = {
			isa = PBXProject;
			attributes = {
				LastUpgradeCheck = 0610;
				ORGANIZATIONNAME = funkypandagame;
				TargetAttributes = {
					07A348E21A26366300F6A8E5 = {
						CreatedOnToolsVersion = 6.1;
					};
				};
			};
			buildConfigurationList = 07A348DE1A26366300F6A8E5 /* Build configuration list for PBXProject "mixpanel-ios" */;
			compatibilityVersion = "Xcode 3.2";
			developmentRegion = English;
			hasScannedForEncodings = 0;
			knownRegions = (
				en,
			);
			mainGroup = 07A348DA1A26366300F6A8E5;
			productRefGroup = 07A348E41A26366300F6A8E5 /* Products */;
			projectDirPath = "";
			projectRoot = "";
			targets = (
				07A348E21A26366300F6A8E5 /* mixpanel-ios */,
			);
		};
/* End PBXProject section */

/* Begin PBXSourcesBuildPhase section */
		07A348DF1A26366300F6A8E5 /* Sources */ = {
			isa = PBXSourcesBuildPhase;
			buildActionMask = 2147483647;
			files = (
				0755F6971A2659CA0028DEF6 /* MPAbstractABTestDesignerMessage.m in Sources */,
				0755F6991A2659CA0028DEF6 /* MPABTestDesignerChangeRequestMessage.m in Sources */,
				0755F69B1A2659CA0028DEF6 /* MPABTestDesignerChangeResponseMessage.m in Sources */,
				0755F69D1A2659CA0028DEF6 /* MPABTestDesignerClearRequestMessage.m in Sources */,
				0755F69F1A2659CA0028DEF6 /* MPABTestDesignerClearResponseMessage.m in Sources */,
				0755F6A11A2659CA0028DEF6 /* MPABTestDesignerConnection.m in Sources */,
				0755F6A31A2659CA0028DEF6 /* MPABTestDesignerDeviceInfoRequestMessage.m in Sources */,
				0755F6A51A2659CA0028DEF6 /* MPABTestDesignerDeviceInfoResponseMessage.m in Sources */,
				0755F6A71A2659CA0028DEF6 /* MPABTestDesignerDisconnectMessage.m in Sources */,
				0755F6AA1A2659CA0028DEF6 /* MPABTestDesignerSnapshotRequestMessage.m in Sources */,
				0755F6AC1A2659CA0028DEF6 /* MPABTestDesignerSnapshotResponseMessage.m in Sources */,
				0755F6AE1A2659CA0028DEF6 /* MPABTestDesignerTweakRequestMessage.m in Sources */,
				0755F6B01A2659CA0028DEF6 /* MPABTestDesignerTweakResponseMessage.m in Sources */,
				0755F6B21A2659CA0028DEF6 /* MPBOOLToNSNumberValueTransformer.m in Sources */,
				0755F6B41A2659CA0028DEF6 /* MPCATransform3DToNSDictionaryValueTransformer.m in Sources */,
				0755F6B51A2659CA0028DEF6 /* MPCGAffineTransformToNSDictionaryValueTransformer.m in Sources */,
				0755F6B61A2659CA0028DEF6 /* MPCGColorRefToNSStringValueTransformer.m in Sources */,
				0755F6B71A2659CA0028DEF6 /* MPCGPointToNSDictionaryValueTransformer.m in Sources */,
				0755F6B81A2659CA0028DEF6 /* MPCGRectToNSDictionaryValueTransformer.m in Sources */,
				0755F6B91A2659CA0028DEF6 /* MPCGSizeToNSDictionaryValueTransformer.m in Sources */,
				0755F6BB1A2659CA0028DEF6 /* MPClassDescription.m in Sources */,
				0755F6BF1A2659CA0028DEF6 /* MPDesignerEventBindingRequestMesssage.m in Sources */,
				0755F6C01A2659CA0028DEF6 /* MPDesignerEventBindingResponseMesssage.m in Sources */,
				0755F6C21A2659CA0028DEF6 /* MPDesignerTrackMessage.m in Sources */,
				0755F6C41A2659CA0028DEF6 /* MPEnumDescription.m in Sources */,
				0755F6C61A2659CA0028DEF6 /* MPEventBinding.m in Sources */,
				0755F6C91A2659CA0028DEF6 /* MPNotification.m in Sources */,
				0755F6CC1A2659CA0028DEF6 /* MPNotificationViewController.m in Sources */,
				0755F6CD1A2659CA0028DEF6 /* MPNSAttributedStringToNSDictionaryValueTransformer.m in Sources */,
				0755F6CE1A2659CA0028DEF6 /* MPNSNumberToCGFloatValueTransformer.m in Sources */,
				0755F6D11A2659CA0028DEF6 /* MPObjectIdentityProvider.m in Sources */,
				0755F6D31A2659CA0028DEF6 /* MPObjectSelector.m in Sources */,
				0755F6D51A2659CA0028DEF6 /* MPObjectSerializer.m in Sources */,
				0755F6D71A2659CA0028DEF6 /* MPObjectSerializerConfig.m in Sources */,
				0755F6D91A2659CA0028DEF6 /* MPObjectSerializerContext.m in Sources */,
				0755F6DA1A2659CA0028DEF6 /* MPPassThroughValueTransformer.m in Sources */,
				0755F6DC1A2659CA0028DEF6 /* MPPropertyDescription.m in Sources */,
				0755F6DE1A2659CA0028DEF6 /* MPSequenceGenerator.m in Sources */,
				0755F6E01A2659CA0028DEF6 /* MPSurvey.m in Sources */,
				0755F6E31A2659CA0028DEF6 /* MPSurveyNavigationController.m in Sources */,
				0755F6E51A2659CA0028DEF6 /* MPSurveyQuestion.m in Sources */,
				0755F6E71A2659CA0028DEF6 /* MPSurveyQuestionViewController.m in Sources */,
				0755F6E91A2659CA0028DEF6 /* MPSwizzler.m in Sources */,
				0755F6EB1A2659CA0028DEF6 /* MPTweak.m in Sources */,
				0755F6ED1A2659CA0028DEF6 /* MPTweakInline.m in Sources */,
				0755F6F01A2659CA0028DEF6 /* MPTweakStore.m in Sources */,
				0755F6F21A2659CA0028DEF6 /* MPTypeDescription.m in Sources */,
				0755F6F31A2659CA0028DEF6 /* MPUIColorToNSStringValueTransformer.m in Sources */,
				0755F6F51A2659CA0028DEF6 /* MPUIControlBinding.m in Sources */,
				0755F6F61A2659CA0028DEF6 /* MPUIEdgeInsetsToNSDictionaryValueTransformer.m in Sources */,
				0755F6F71A2659CA0028DEF6 /* MPUIFontToNSDictionaryValueTransformer.m in Sources */,
				0755F6F81A2659CA0028DEF6 /* MPUIImageToNSDictionaryValueTransformer.m in Sources */,
				0755F6FA1A2659CA0028DEF6 /* MPUITableViewBinding.m in Sources */,
				0755F6FD1A2659CA0028DEF6 /* MPVariant.m in Sources */,
				0755F6FF1A2659CA0028DEF6 /* MPWebSocket.m in Sources */,
				0755F7011A2659CA0028DEF6 /* NSData+MPBase64.m in Sources */,
				0755F7031A2659CA0028DEF6 /* NSInvocation+MPHelpers.m in Sources */,
				0755F7071A2659CA0028DEF6 /* UIColor+MPColor.m in Sources */,
				0755F7091A2659CA0028DEF6 /* UIImage+MPAverageColor.m in Sources */,
				0755F70B1A2659CA0028DEF6 /* UIImage+MPImageEffects.m in Sources */,
				0755F6961A2659BD0028DEF6 /* _MPTweakBindObserver.m in Sources */,
				0755F6911A2654DF0028DEF6 /* MPApplicationStateSerializer.m in Sources */,
				0755F5851A2651CD0028DEF6 /* Mixpanel.m in Sources */,
				07A34A051A2636FE00F6A8E5 /* MixpanelFlashLibrary.m in Sources */,
			);
			runOnlyForDeploymentPostprocessing = 0;
		};
/* End PBXSourcesBuildPhase section */

/* Begin XCBuildConfiguration section */
		07A348F51A26366400F6A8E5 /* Debug */ = {
			isa = XCBuildConfiguration;
			buildSettings = {
				ALWAYS_SEARCH_USER_PATHS = NO;
				CLANG_CXX_LANGUAGE_STANDARD = "gnu++0x";
				CLANG_CXX_LIBRARY = "libc++";
				CLANG_ENABLE_MODULES = YES;
				CLANG_ENABLE_OBJC_ARC = YES;
				CLANG_WARN_BOOL_CONVERSION = YES;
				CLANG_WARN_CONSTANT_CONVERSION = YES;
				CLANG_WARN_DIRECT_OBJC_ISA_USAGE = YES_ERROR;
				CLANG_WARN_EMPTY_BODY = YES;
				CLANG_WARN_ENUM_CONVERSION = YES;
				CLANG_WARN_INT_CONVERSION = YES;
				CLANG_WARN_OBJC_ROOT_CLASS = YES_ERROR;
				CLANG_WARN_UNREACHABLE_CODE = YES;
				CLANG_WARN__DUPLICATE_METHOD_MATCH = YES;
				COPY_PHASE_STRIP = NO;
				ENABLE_STRICT_OBJC_MSGSEND = YES;
				GCC_C_LANGUAGE_STANDARD = gnu99;
				GCC_DYNAMIC_NO_PIC = NO;
				GCC_OPTIMIZATION_LEVEL = 0;
				GCC_PRECOMPILE_PREFIX_HEADER = YES;
				GCC_PREFIX_HEADER = mixPanelLib/PrefixHeader.pch;
				GCC_PREPROCESSOR_DEFINITIONS = (
					"DEBUG=1",
					"$(inherited)",
				);
				GCC_SYMBOLS_PRIVATE_EXTERN = NO;
				GCC_WARN_64_TO_32_BIT_CONVERSION = YES;
				GCC_WARN_ABOUT_RETURN_TYPE = YES_ERROR;
				GCC_WARN_UNDECLARED_SELECTOR = YES;
				GCC_WARN_UNINITIALIZED_AUTOS = YES_AGGRESSIVE;
				GCC_WARN_UNUSED_FUNCTION = YES;
				GCC_WARN_UNUSED_VARIABLE = YES;
				IPHONEOS_DEPLOYMENT_TARGET = 6.0;
				MACH_O_TYPE = staticlib;
				MTL_ENABLE_DEBUG_INFO = YES;
				ONLY_ACTIVE_ARCH = YES;
				SDKROOT = iphoneos;
			};
			name = Debug;
		};
		07A348F61A26366400F6A8E5 /* Release */ = {
			isa = XCBuildConfiguration;
			buildSettings = {
				ALWAYS_SEARCH_USER_PATHS = NO;
				CLANG_CXX_LANGUAGE_STANDARD = "gnu++0x";
				CLANG_CXX_LIBRARY = "libc++";
				CLANG_ENABLE_MODULES = YES;
				CLANG_ENABLE_OBJC_ARC = YES;
				CLANG_WARN_BOOL_CONVERSION = YES;
				CLANG_WARN_CONSTANT_CONVERSION = YES;
				CLANG_WARN_DIRECT_OBJC_ISA_USAGE = YES_ERROR;
				CLANG_WARN_EMPTY_BODY = YES;
				CLANG_WARN_ENUM_CONVERSION = YES;
				CLANG_WARN_INT_CONVERSION = YES;
				CLANG_WARN_OBJC_ROOT_CLASS = YES_ERROR;
				CLANG_WARN_UNREACHABLE_CODE = YES;
				CLANG_WARN__DUPLICATE_METHOD_MATCH = YES;
				COPY_PHASE_STRIP = YES;
				ENABLE_NS_ASSERTIONS = NO;
				ENABLE_STRICT_OBJC_MSGSEND = YES;
				GCC_C_LANGUAGE_STANDARD = gnu99;
				GCC_PRECOMPILE_PREFIX_HEADER = YES;
				GCC_PREFIX_HEADER = mixPanelLib/PrefixHeader.pch;
				GCC_WARN_64_TO_32_BIT_CONVERSION = YES;
				GCC_WARN_ABOUT_RETURN_TYPE = YES_ERROR;
				GCC_WARN_UNDECLARED_SELECTOR = YES;
				GCC_WARN_UNINITIALIZED_AUTOS = YES_AGGRESSIVE;
				GCC_WARN_UNUSED_FUNCTION = YES;
				GCC_WARN_UNUSED_VARIABLE = YES;
				IPHONEOS_DEPLOYMENT_TARGET = 6.0;
				MACH_O_TYPE = staticlib;
				MTL_ENABLE_DEBUG_INFO = NO;
				SDKROOT = iphoneos;
				VALIDATE_PRODUCT = YES;
			};
			name = Release;
		};
		07A348F81A26366400F6A8E5 /* Debug */ = {
			isa = XCBuildConfiguration;
			buildSettings = {
				CLANG_ENABLE_OBJC_ARC = YES;
				LIBRARY_SEARCH_PATHS = (
					"$(inherited)",
					"$(PROJECT_DIR)/Mixpanel",
				);
				OTHER_LDFLAGS = "-ObjC";
				PRODUCT_NAME = "mixpanel-ios";
				SKIP_INSTALL = YES;
			};
			name = Debug;
		};
		07A348F91A26366400F6A8E5 /* Release */ = {
			isa = XCBuildConfiguration;
			buildSettings = {
				CLANG_ENABLE_OBJC_ARC = YES;
				LIBRARY_SEARCH_PATHS = (
					"$(inherited)",
					"$(PROJECT_DIR)/Mixpanel",
				);
				OTHER_LDFLAGS = "-ObjC";
				PRODUCT_NAME = "mixpanel-ios";
				SKIP_INSTALL = YES;
			};
			name = Release;
		};
/* End XCBuildConfiguration section */

/* Begin XCConfigurationList section */
		07A348DE1A26366300F6A8E5 /* Build configuration list for PBXProject "mixpanel-ios" */ = {
			isa = XCConfigurationList;
			buildConfigurations = (
				07A348F51A26366400F6A8E5 /* Debug */,
				07A348F61A26366400F6A8E5 /* Release */,
			);
			defaultConfigurationIsVisible = 0;
			defaultConfigurationName = Release;
		};
		07A348F71A26366400F6A8E5 /* Build configuration list for PBXNativeTarget "mixpanel-ios" */ = {
			isa = XCConfigurationList;
			buildConfigurations = (
				07A348F81A26366400F6A8E5 /* Debug */,
				07A348F91A26366400F6A8E5 /* Release */,
			);
			defaultConfigurationIsVisible = 0;
			defaultConfigurationName = Release;
		};
/* End XCConfigurationList section */
	};
	rootObject = 07A348DB1A26366300F6A8E5 /* Project object */;
}
